
Microsoft Visual Studio Solution File, Format Version 12.00
# Visual Studio Version 17
VisualStudioVersion = 17.2.32630.192
MinimumVisualStudioVersion = 10.0.40219.1
Project("{FAE04EC0-301F-11D3-BF4B-00C04F79EFBC}") = "MVCApp", "MVCApp.csproj", "{B9A7C865-42A6-463E-B82F-C0FF31999CB5}"
EndProject
Global
	GlobalSection(SolutionConfigurationPlatforms) = preSolution
		Debug|Any CPU = Debug|Any CPU
		Release|Any CPU = Release|Any CPU
	EndGlobalSection
	GlobalSection(ProjectConfigurationPlatforms) = postSolution
		{B9A7C865-42A6-463E-B82F-C0FF31999CB5}.Debug|Any CPU.ActiveCfg = Debug|Any CPU
		{B9A7C865-42A6-463E-B82F-C0FF31999CB5}.Debug|Any CPU.Build.0 = Debug|Any CPU
		{B9A7C865-42A6-463E-B82F-C0FF31999CB5}.Release|Any CPU.ActiveCfg = Release|Any CPU
		{B9A7C865-42A6-463E-B82F-C0FF31999CB5}.Release|Any CPU.Build.0 = Release|Any CPU
	EndGlobalSection
	GlobalSection(SolutionProperties) = preSolution
		HideSolutionNode = FALSE
	EndGlobalSection
	GlobalSection(ExtensibilityGlobals) = postSolution
		SolutionGuid = {CDA268D6-A10D-4665-9A80-605C738556CC}
	EndGlobalSection
EndGlobal
